
Microsoft Visual Studio Solution File, Format Version 12.00
# Visual Studio Version 16
VisualStudioVersion = 16.0.31702.278
MinimumVisualStudioVersion = 10.0.40219.1
Project("{FAE04EC0-301F-11D3-BF4B-00C04F79EFBC}") = "lucis celerita", "lucis celerita\lucis celerita.csproj", "{1A428039-05C9-4361-8496-7EB2CB09C8EF}"
EndProject
Global
	GlobalSection(SolutionConfigurationPlatforms) = preSolution
		Debug|Any CPU = Debug|Any CPU
		Release|Any CPU = Release|Any CPU
	EndGlobalSection
	GlobalSection(ProjectConfigurationPlatforms) = postSolution
		{1A428039-05C9-4361-8496-7EB2CB09C8EF}.Debug|Any CPU.ActiveCfg = Debug|Any CPU
		{1A428039-05C9-4361-8496-7EB2CB09C8EF}.Debug|Any CPU.Build.0 = Debug|Any CPU
		{1A428039-05C9-4361-8496-7EB2CB09C8EF}.Release|Any CPU.ActiveCfg = Release|Any CPU
		{1A428039-05C9-4361-8496-7EB2CB09C8EF}.Release|Any CPU.Build.0 = Release|Any CPU
	EndGlobalSection
	GlobalSection(SolutionProperties) = preSolution
		HideSolutionNode = FALSE
	EndGlobalSection
	GlobalSection(ExtensibilityGlobals) = postSolution
		SolutionGuid = {4DE3608F-9B68-47F3-92DC-77BAF6322C4B}
	EndGlobalSection
EndGlobal
